aiofiles==0.7.0
anyio==2.2.0
asks==2.4.12
async-generator==1.10
attrs==21.2.0
blinker==1.4
cachetools==4.2.2
certifi==2021.5.30
click==8.0.1
h11==0.12.0
h2==4.0.0
hpack==4.0.0
Hypercorn==0.11.2
hyperframe==6.0.1
idna==3.2
itsdangerous==2.0.1
jinja-markdown==1.200630
Jinja2==2.11.3
Markdown==3.3.4
MarkupSafe==2.0.1
outcome==1.1.0
priority==2.0.0
Pygments==2.6.1
pymdown-extensions==7.1
Quart==0.15.1
Quart-Trio==0.8.0
sniffio==1.2.0
sortedcontainers==2.4.0
toml==0.10.2
trio==0.19.0
Werkzeug==2.0.1
wsproto==1.0.0
humanize==3.11.0
